<?xml version="1.0" encoding="utf-8"?>
<Project ToolsVersion="4.0" xmlns="http://schemas.microsoft.com/developer/msbuild/2003">
  <ItemGroup>
    <Filter Include="Исходные файлы">
      <UniqueIdentifier>{4FC737F1-C7A5-4376-A066-2A32D752A2FF}</UniqueIdentifier>
      <Extensions>cpp;c;cc;cxx;c++;cppm;ixx;def;odl;idl;hpj;bat;asm;asmx</Extensions>
    </Filter>
    <Filter Include="Файлы заголовков">
      <UniqueIdentifier>{93995380-89BD-4b04-88EB-625FBE52EBFB}</UniqueIdentifier>
      <Extensions>h;hh;hpp;hxx;h++;hm;inl;inc;ipp;xsd</Extensions>
    </Filter>
    <Filter Include="Файлы ресурсов">
      <UniqueIdentifier>{67DA6AB6-F800-4c08-8B7A-83BB121AAD01}</UniqueIdentifier>
      <Extensions>rc;ico;cur;bmp;dlg;rc2;rct;bin;rgs;gif;jpg;jpeg;jpe;resx;tiff;tif;png;wav;mfcribbon-ms</Extensions>
    </Filter>
    <Filter Include="Файлы заголовков\Engine">
      <UniqueIdentifier>{fd063ef3-b840-4107-b9e2-31b8619b1a86}</UniqueIdentifier>
    </Filter>
    <Filter Include="Исходные файлы\Engine">
      <UniqueIdentifier>{51cf164a-5b8a-47c8-80d2-c2b569744eec}</UniqueIdentifier>
    </Filter>
    <Filter Include="Файлы заголовков\Utility">
      <UniqueIdentifier>{2d5a2255-4ea3-4cfd-9758-26d58c4a42e9}</UniqueIdentifier>
    </Filter>
    <Filter Include="Исходные файлы\Utility">
      <UniqueIdentifier>{f26d2b93-e23a-4216-b36b-5cf9130191f2}</UniqueIdentifier>
    </Filter>
  </ItemGroup>
  <ItemGroup>
    <ClInclude Include="DisRealityGF.h">
      <Filter>Файлы заголовков\Engine</Filter>
    </ClInclude>
    <ClInclude Include="engine_utility.h">
      <Filter>Файлы заголовков\Utility</Filter>
    </ClInclude>
    <ClInclude Include="ini_parser.h">
      <Filter>Файлы заголовков\Utility</Filter>
    </ClInclude>
    <ClInclude Include="engine.h">
      <Filter>Файлы заголовков\Engine</Filter>
    </ClInclude>
    <ClInclude Include="engine_data.h">
      <Filter>Файлы заголовков\Engine</Filter>
    </ClInclude>
    <ClInclude Include="game_state.h">
      <Filter>Файлы заголовков\Engine</Filter>
    </ClInclude>
    <ClInclude Include="screen.h">
      <Filter>Файлы заголовков\Engine</Filter>
    </ClInclude>
    <ClInclude Include="asset_manager.h">
      <Filter>Файлы заголовков\Engine</Filter>
    </ClInclude>
  </ItemGroup>
  <ItemGroup>
    <ClCompile Include="engine_utility.cpp">
      <Filter>Исходные файлы\Engine</Filter>
    </ClCompile>
    <ClCompile Include="ini_parser.cpp">
      <Filter>Исходные файлы\Utility</Filter>
    </ClCompile>
    <ClCompile Include="engine.cpp">
      <Filter>Исходные файлы\Engine</Filter>
    </ClCompile>
    <ClCompile Include="render.cpp">
      <Filter>Исходные файлы\Engine</Filter>
    </ClCompile>
    <ClCompile Include="update.cpp">
      <Filter>Исходные файлы\Engine</Filter>
    </ClCompile>
    <ClCompile Include="event_handler.cpp">
      <Filter>Исходные файлы\Engine</Filter>
    </ClCompile>
    <ClCompile Include="input_handler.cpp">
      <Filter>Исходные файлы\Engine</Filter>
    </ClCompile>
    <ClCompile Include="game_state.cpp">
      <Filter>Исходные файлы\Engine</Filter>
    </ClCompile>
  </ItemGroup>
</Project>